// !$*UTF8*$!
{
	archiveVersion = 1;
	classes = {
	};
	objectVersion = 77;
	objects = {

/* Begin PBXContainerItemProxy section */
		E087FDFE2CB5766D0058CBC1 /* PBXContainerItemProxy */ = {
			isa = PBXContainerItemProxy;
			containerPortal = E087FDE52CB5766A0058CBC1 /* Project object */;
			proxyType = 1;
			remoteGlobalIDString = E087FDEC2CB5766A0058CBC1;
			remoteInfo = ChaseWeather;
		};
		E087FE082CB5766D0058CBC1 /* PBXContainerItemProxy */ = {
			isa = PBXContainerItemProxy;
			containerPortal = E087FDE52CB5766A0058CBC1 /* Project object */;
			proxyType = 1;
			remoteGlobalIDString = E087FDEC2CB5766A0058CBC1;
			remoteInfo = ChaseWeather;
		};
/* End PBXContainerItemProxy section */

/* Begin PBXFileReference section */
		E087FDED2CB5766A0058CBC1 /* ChaseWeather.app */ = {isa = PBXFileReference; explicitFileType = wrapper.application; includeInIndex = 0; path = ChaseWeather.app; sourceTree = BUILT_PRODUCTS_DIR; };
		E087FDFD2CB5766D0058CBC1 /* ChaseWeatherTests.xctest */ = {isa = PBXFileReference; explicitFileType = wrapper.cfbundle; includeInIndex = 0; path = ChaseWeatherTests.xctest; sourceTree = BUILT_PRODUCTS_DIR; };
		E087FE072CB5766D0058CBC1 /* ChaseWeatherUITests.xctest */ = {isa = PBXFileReference; explicitFileType = wrapper.cfbundle; includeInIndex = 0; path = ChaseWeatherUITests.xctest; sourceTree = BUILT_PRODUCTS_DIR; };
/* End PBXFileReference section */

/* Begin PBXFileSystemSynchronizedBuildFileExceptionSet section */
		E087FE842CB57CEA0058CBC1 /* Exceptions for "ChaseWeather" folder in "ChaseWeather" target */ = {
			isa = PBXFileSystemSynchronizedBuildFileExceptionSet;
			membershipExceptions = (
				Info.plist,
			);
			target = E087FDEC2CB5766A0058CBC1 /* ChaseWeather */;
		};
/* End PBXFileSystemSynchronizedBuildFileExceptionSet section */

/* Begin PBXFileSystemSynchronizedRootGroup section */
		E087FDEF2CB5766A0058CBC1 /* ChaseWeather */ = {
			isa = PBXFileSystemSynchronizedRootGroup;
			exceptions = (
				E087FE842CB57CEA0058CBC1 /* Exceptions for "ChaseWeather" folder in "ChaseWeather" target */,
			);
			path = ChaseWeather;
			sourceTree = "<group>";
		};
		E087FE002CB5766D0058CBC1 /* ChaseWeatherTests */ = {
			isa = PBXFileSystemSynchronizedRootGroup;
			path = ChaseWeatherTests;
			sourceTree = "<group>";
		};
		E087FE0A2CB5766D0058CBC1 /* ChaseWeatherUITests */ = {
			isa = PBXFileSystemSynchronizedRootGroup;
			path = ChaseWeatherUITests;
			sourceTree = "<group>";
		};
/* End PBXFileSystemSynchronizedRootGroup section */

/* Begin PBXFrameworksBuildPhase section */
		E087FDEA2CB5766A0058CBC1 /* Frameworks */ = {
			isa = PBXFrameworksBuildPhase;
			buildActionMask = 2147483647;
			files = (
			);
			runOnlyForDeploymentPostprocessing = 0;
		};
		E087FDFA2CB5766D0058CBC1 /* Frameworks */ = {
			isa = PBXFrameworksBuildPhase;
			buildActionMask = 2147483647;
			files = (
			);
			runOnlyForDeploymentPostprocessing = 0;
		};
		E087FE042CB5766D0058CBC1 /* Frameworks */ = {
			isa = PBXFrameworksBuildPhase;
			buildActionMask = 2147483647;
			files = (
			);
			runOnlyForDeploymentPostprocessing = 0;
		};
/* End PBXFrameworksBuildPhase section */

/* Begin PBXGroup section */
		E087FDE42CB5766A0058CBC1 = {
			isa = PBXGroup;
			children = (
				E087FDEF2CB5766A0058CBC1 /* ChaseWeather */,
				E087FE002CB5766D0058CBC1 /* ChaseWeatherTests */,
				E087FE0A2CB5766D0058CBC1 /* ChaseWeatherUITests */,
				E087FDEE2CB5766A0058CBC1 /* Products */,
			);
			sourceTree = "<group>";
		};
		E087FDEE2CB5766A0058CBC1 /* Products */ = {
			isa = PBXGroup;
			children = (
				E087FDED2CB5766A0058CBC1 /* ChaseWeather.app */,
				E087FDFD2CB5766D0058CBC1 /* ChaseWeatherTests.xctest */,
				E087FE072CB5766D0058CBC1 /* ChaseWeatherUITests.xctest */,
			);
			name = Products;
			sourceTree = "<group>";
		};
/* End PBXGroup section */

/* Begin PBXNativeTarget section */
		E087FDEC2CB5766A0058CBC1 /* ChaseWeather */ = {
			isa = PBXNativeTarget;
			buildConfigurationList = E087FE112CB5766D0058CBC1 /* Build configuration list for PBXNativeTarget "ChaseWeather" */;
			buildPhases = (
				E087FDE92CB5766A0058CBC1 /* Sources */,
				E087FDEA2CB5766A0058CBC1 /* Frameworks */,
				E087FDEB2CB5766A0058CBC1 /* Resources */,
			);
			buildRules = (
			);
			dependencies = (
			);
			fileSystemSynchronizedGroups = (
				E087FDEF2CB5766A0058CBC1 /* ChaseWeather */,
			);
			name = ChaseWeather;
			packageProductDependencies = (
			);
			productName = ChaseWeather;
			productReference = E087FDED2CB5766A0058CBC1 /* ChaseWeather.app */;
			productType = "com.apple.product-type.application";
		};
		E087FDFC2CB5766D0058CBC1 /* ChaseWeatherTests */ = {
			isa = PBXNativeTarget;
			buildConfigurationList = E087FE142CB5766D0058CBC1 /* Build configuration list for PBXNativeTarget "ChaseWeatherTests" */;
			buildPhases = (
				E087FDF92CB5766D0058CBC1 /* Sources */,
				E087FDFA2CB5766D0058CBC1 /* Frameworks */,
				E087FDFB2CB5766D0058CBC1 /* Resources */,
			);
			buildRules = (
			);
			dependencies = (
				E087FDFF2CB5766D0058CBC1 /* PBXTargetDependency */,
			);
			fileSystemSynchronizedGroups = (
				E087FE002CB5766D0058CBC1 /* ChaseWeatherTests */,
			);
			name = ChaseWeatherTests;
			packageProductDependencies = (
			);
			productName = ChaseWeatherTests;
			productReference = E087FDFD2CB5766D0058CBC1 /* ChaseWeatherTests.xctest */;
			productType = "com.apple.product-type.bundle.unit-test";
		};
		E087FE062CB5766D0058CBC1 /* ChaseWeatherUITests */ = {
			isa = PBXNativeTarget;
			buildConfigurationList = E087FE172CB5766D0058CBC1 /* Build configuration list for PBXNativeTarget "ChaseWeatherUITests" */;
			buildPhases = (
				E087FE032CB5766D0058CBC1 /* Sources */,
				E087FE042CB5766D0058CBC1 /* Frameworks */,
				E087FE052CB5766D0058CBC1 /* Resources */,
			);
			buildRules = (
			);
			dependencies = (
				E087FE092CB5766D0058CBC1 /* PBXTargetDependency */,
			);
			fileSystemSynchronizedGroups = (
				E087FE0A2CB5766D0058CBC1 /* ChaseWeatherUITests */,
			);
			name = ChaseWeatherUITests;
			packageProductDependencies = (
			);
			productName = ChaseWeatherUITests;
			productReference = E087FE072CB5766D0058CBC1 /* ChaseWeatherUITests.xctest */;
			productType = "com.apple.product-type.bundle.ui-testing";
		};
/* End PBXNativeTarget section */

/* Begin PBXProject section */
		E087FDE52CB5766A0058CBC1 /* Project object */ = {
			isa = PBXProject;
			attributes = {
				BuildIndependentTargetsInParallel = 1;
				LastSwiftUpdateCheck = 1600;
				LastUpgradeCheck = 1600;
				TargetAttributes = {
					E087FDEC2CB5766A0058CBC1 = {
						CreatedOnToolsVersion = 16.0;
					};
					E087FDFC2CB5766D0058CBC1 = {
						CreatedOnToolsVersion = 16.0;
						TestTargetID = E087FDEC2CB5766A0058CBC1;
					};
					E087FE062CB5766D0058CBC1 = {
						CreatedOnToolsVersion = 16.0;
						TestTargetID = E087FDEC2CB5766A0058CBC1;
					};
				};
			};
			buildConfigurationList = E087FDE82CB5766A0058CBC1 /* Build configuration list for PBXProject "ChaseWeather" */;
			developmentRegion = en;
			hasScannedForEncodings = 0;
			knownRegions = (
				en,
				Base,
			);
			mainGroup = E087FDE42CB5766A0058CBC1;
			minimizedProjectReferenceProxies = 1;
			preferredProjectObjectVersion = 77;
			productRefGroup = E087FDEE2CB5766A0058CBC1 /* Products */;
			projectDirPath = "";
			projectRoot = "";
			targets = (
				E087FDEC2CB5766A0058CBC1 /* ChaseWeather */,
				E087FDFC2CB5766D0058CBC1 /* ChaseWeatherTests */,
				E087FE062CB5766D0058CBC1 /* ChaseWeatherUITests */,
			);
		};
/* End PBXProject section */

/* Begin PBXResourcesBuildPhase section */
		E087FDEB2CB5766A0058CBC1 /* Resources */ = {
			isa = PBXResourcesBuildPhase;
			buildActionMask = 2147483647;
			files = (
			);
			runOnlyForDeploymentPostprocessing = 0;
		};
		E087FDFB2CB5766D0058CBC1 /* Resources */ = {
			isa = PBXResourcesBuildPhase;
			buildActionMask = 2147483647;
			files = (
			);
			runOnlyForDeploymentPostprocessing = 0;
		};
		E087FE052CB5766D0058CBC1 /* Resources */ = {
			isa = PBXResourcesBuildPhase;
			buildActionMask = 2147483647;
			files = (
			);
			runOnlyForDeploymentPostprocessing = 0;
		};
/* End PBXResourcesBuildPhase section */

/* Begin PBXSourcesBuildPhase section */
		E087FDE92CB5766A0058CBC1 /* Sources */ = {
			isa = PBXSourcesBuildPhase;
			buildActionMask = 2147483647;
			files = (
			);
			runOnlyForDeploymentPostprocessing = 0;
		};
		E087FDF92CB5766D0058CBC1 /* Sources */ = {
			isa = PBXSourcesBuildPhase;
			buildActionMask = 2147483647;
			files = (
			);
			runOnlyForDeploymentPostprocessing = 0;
		};
		E087FE032CB5766D0058CBC1 /* Sources */ = {
			isa = PBXSourcesBuildPhase;
			buildActionMask = 2147483647;
			files = (
			);
			runOnlyForDeploymentPostprocessing = 0;
		};
/* End PBXSourcesBuildPhase section */

/* Begin PBXTargetDependency section */
		E087FDFF2CB5766D0058CBC1 /* PBXTargetDependency */ = {
			isa = PBXTargetDependency;
			target = E087FDEC2CB5766A0058CBC1 /* ChaseWeather */;
			targetProxy = E087FDFE2CB5766D0058CBC1 /* PBXContainerItemProxy */;
		};
		E087FE092CB5766D0058CBC1 /* PBXTargetDependency */ = {
			isa = PBXTargetDependency;
			target = E087FDEC2CB5766A0058CBC1 /* ChaseWeather */;
			targetProxy = E087FE082CB5766D0058CBC1 /* PBXContainerItemProxy */;
		};
/* End PBXTargetDependency section */

/* Begin XCBuildConfiguration section */
		E087FE0F2CB5766D0058CBC1 /* Debug */ = {
			isa = XCBuildConfiguration;
			buildSettings = {
				ALWAYS_SEARCH_USER_PATHS = NO;
				ASSETCATALOG_COMPILER_GENERATE_SWIFT_ASSET_SYMBOL_EXTENSIONS = YES;
				CLANG_ANALYZER_NONNULL = YES;
				CLANG_ANALYZER_NUMBER_OBJECT_CONVERSION = YES_AGGRESSIVE;
				CLANG_CXX_LANGUAGE_STANDARD = "gnu++20";
				CLANG_ENABLE_MODULES = YES;
				CLANG_ENABLE_OBJC_ARC = YES;
				CLANG_ENABLE_OBJC_WEAK = YES;
				CLANG_WARN_BLOCK_CAPTURE_AUTORELEASING = YES;
				CLANG_WARN_BOOL_CONVERSION = YES;
				CLANG_WARN_COMMA = YES;
				CLANG_WARN_CONSTANT_CONVERSION = YES;
				CLANG_WARN_DEPRECATED_OBJC_IMPLEMENTATIONS = YES;
				CLANG_WARN_DIRECT_OBJC_ISA_USAGE = YES_ERROR;
				CLANG_WARN_DOCUMENTATION_COMMENTS = YES;
				CLANG_WARN_EMPTY_BODY = YES;
				CLANG_WARN_ENUM_CONVERSION = YES;
				CLANG_WARN_INFINITE_RECURSION = YES;
				CLANG_WARN_INT_CONVERSION = YES;
				CLANG_WARN_NON_LITERAL_NULL_CONVERSION = YES;
				CLANG_WARN_OBJC_IMPLICIT_RETAIN_SELF = YES;
				CLANG_WARN_OBJC_LITERAL_CONVERSION = YES;
				CLANG_WARN_OBJC_ROOT_CLASS = YES_ERROR;
				CLANG_WARN_QUOTED_INCLUDE_IN_FRAMEWORK_HEADER = YES;
				CLANG_WARN_RANGE_LOOP_ANALYSIS = YES;
				CLANG_WARN_STRICT_PROTOTYPES = YES;
				CLANG_WARN_SUSPICIOUS_MOVE = YES;
				CLANG_WARN_UNGUARDED_AVAILABILITY = YES_AGGRESSIVE;
				CLANG_WARN_UNREACHABLE_CODE = YES;
				CLANG_WARN__DUPLICATE_METHOD_MATCH = YES;
				COPY_PHASE_STRIP = NO;
				DEBUG_INFORMATION_FORMAT = dwarf;
				ENABLE_STRICT_OBJC_MSGSEND = YES;
				ENABLE_TESTABILITY = YES;
				ENABLE_USER_SCRIPT_SANDBOXING = YES;
				GCC_C_LANGUAGE_STANDARD = gnu17;
				GCC_DYNAMIC_NO_PIC = NO;
				GCC_NO_COMMON_BLOCKS = YES;
				GCC_OPTIMIZATION_LEVEL = 0;
				GCC_PREPROCESSOR_DEFINITIONS = (
					"DEBUG=1",
					"$(inherited)",
				);
				GCC_WARN_64_TO_32_BIT_CONVERSION = YES;
				GCC_WARN_ABOUT_RETURN_TYPE = YES_ERROR;
				GCC_WARN_UNDECLARED_SELECTOR = YES;
				GCC_WARN_UNINITIALIZED_AUTOS = YES_AGGRESSIVE;
				GCC_WARN_UNUSED_FUNCTION = YES;
				GCC_WARN_UNUSED_VARIABLE = YES;
				IPHONEOS_DEPLOYMENT_TARGET = 18.0;
				LOCALIZATION_PREFERS_STRING_CATALOGS = YES;
				MTL_ENABLE_DEBUG_INFO = INCLUDE_SOURCE;
				MTL_FAST_MATH = YES;
				ONLY_ACTIVE_ARCH = YES;
				SDKROOT = iphoneos;
				SWIFT_ACTIVE_COMPILATION_CONDITIONS = "DEBUG $(inherited)";
				SWIFT_OPTIMIZATION_LEVEL = "-Onone";
			};
			name = Debug;
		};
		E087FE102CB5766D0058CBC1 /* Release */ = {
			isa = XCBuildConfiguration;
			buildSettings = {
				ALWAYS_SEARCH_USER_PATHS = NO;
				ASSETCATALOG_COMPILER_GENERATE_SWIFT_ASSET_SYMBOL_EXTENSIONS = YES;
				CLANG_ANALYZER_NONNULL = YES;
				CLANG_ANALYZER_NUMBER_OBJECT_CONVERSION = YES_AGGRESSIVE;
				CLANG_CXX_LANGUAGE_STANDARD = "gnu++20";
				CLANG_ENABLE_MODULES = YES;
				CLANG_ENABLE_OBJC_ARC = YES;
				CLANG_ENABLE_OBJC_WEAK = YES;
				CLANG_WARN_BLOCK_CAPTURE_AUTORELEASING = YES;
				CLANG_WARN_BOOL_CONVERSION = YES;
				CLANG_WARN_COMMA = YES;
				CLANG_WARN_CONSTANT_CONVERSION = YES;
				CLANG_WARN_DEPRECATED_OBJC_IMPLEMENTATIONS = YES;
				CLANG_WARN_DIRECT_OBJC_ISA_USAGE = YES_ERROR;
				CLANG_WARN_DOCUMENTATION_COMMENTS = YES;
				CLANG_WARN_EMPTY_BODY = YES;
				CLANG_WARN_ENUM_CONVERSION = YES;
				CLANG_WARN_INFINITE_RECURSION = YES;
				CLANG_WARN_INT_CONVERSION = YES;
				CLANG_WARN_NON_LITERAL_NULL_CONVERSION = YES;
				CLANG_WARN_OBJC_IMPLICIT_RETAIN_SELF = YES;
				CLANG_WARN_OBJC_LITERAL_CONVERSION = YES;
				CLANG_WARN_OBJC_ROOT_CLASS = YES_ERROR;
				CLANG_WARN_QUOTED_INCLUDE_IN_FRAMEWORK_HEADER = YES;
				CLANG_WARN_RANGE_LOOP_ANALYSIS = YES;
				CLANG_WARN_STRICT_PROTOTYPES = YES;
				CLANG_WARN_SUSPICIOUS_MOVE = YES;
				CLANG_WARN_UNGUARDED_AVAILABILITY = YES_AGGRESSIVE;
				CLANG_WARN_UNREACHABLE_CODE = YES;
				CLANG_WARN__DUPLICATE_METHOD_MATCH = YES;
				COPY_PHASE_STRIP = NO;
				DEBUG_INFORMATION_FORMAT = "dwarf-with-dsym";
				ENABLE_NS_ASSERTIONS = NO;
				ENABLE_STRICT_OBJC_MSGSEND = YES;
				ENABLE_USER_SCRIPT_SANDBOXING = YES;
				GCC_C_LANGUAGE_STANDARD = gnu17;
				GCC_NO_COMMON_BLOCKS = YES;
				GCC_WARN_64_TO_32_BIT_CONVERSION = YES;
				GCC_WARN_ABOUT_RETURN_TYPE = YES_ERROR;
				GCC_WARN_UNDECLARED_SELECTOR = YES;
				GCC_WARN_UNINITIALIZED_AUTOS = YES_AGGRESSIVE;
				GCC_WARN_UNUSED_FUNCTION = YES;
				GCC_WARN_UNUSED_VARIABLE = YES;
				IPHONEOS_DEPLOYMENT_TARGET = 18.0;
				LOCALIZATION_PREFERS_STRING_CATALOGS = YES;
				MTL_ENABLE_DEBUG_INFO = NO;
				MTL_FAST_MATH = YES;
				SDKROOT = iphoneos;
				SWIFT_COMPILATION_MODE = wholemodule;
				VALIDATE_PRODUCT = YES;
			};
			name = Release;
		};
		E087FE122CB5766D0058CBC1 /* Debug */ = {
			isa = XCBuildConfiguration;
			buildSettings = {
				ASSETCATALOG_COMPILER_APPICON_NAME = AppIcon;
				ASSETCATALOG_COMPILER_GLOBAL_ACCENT_COLOR_NAME = AccentColor;
				CODE_SIGN_STYLE = Automatic;
				CURRENT_PROJECT_VERSION = 1;
				DEVELOPMENT_ASSET_PATHS = "\"ChaseWeather/Preview Content\"";
				DEVELOPMENT_TEAM = PUDRSUVCV4;
				ENABLE_PREVIEWS = YES;
				GENERATE_INFOPLIST_FILE = YES;
				INFOPLIST_FILE = ChaseWeather/Info.plist;
				INFOPLIST_KEY_LSApplicationCategoryType = "";
				INFOPLIST_KEY_NSLocationWhenInUseUsageDescription = "Location is needed to provide local weather.";
				INFOPLIST_KEY_UIApplicationSceneManifest_Generation = YES;
				INFOPLIST_KEY_UIApplicationSupportsIndirectInputEvents = YES;
				INFOPLIST_KEY_UILaunchScreen_Generation = YES;
				INFOPLIST_KEY_UISupportedInterfaceOrientations_iPad = "UIInterfaceOrientationPortrait UIInterfaceOrientationPortraitUpsideDown UIInterfaceOrientationLandscapeLeft UIInterfaceOrientationLandscapeRight";
				INFOPLIST_KEY_UISupportedInterfaceOrientations_iPhone = "UIInterfaceOrientationPortrait UIInterfaceOrientationLandscapeLeft UIInterfaceOrientationLandscapeRight";
				LD_RUNPATH_SEARCH_PATHS = (
					"$(inherited)",
					"@executable_path/Frameworks",
				);
				MARKETING_VERSION = 1.0;
				PRODUCT_BUNDLE_IDENTIFIER = ollify.com.ChaseWeather;
				PRODUCT_NAME = "$(TARGET_NAME)";
				SWIFT_EMIT_LOC_STRINGS = YES;
				SWIFT_VERSION = 5.0;
				TARGETED_DEVICE_FAMILY = "1,2";
			};
			name = Debug;
		};
		E087FE132CB5766D0058CBC1 /* Release */ = {
			isa = XCBuildConfiguration;
			buildSettings = {
				ASSETCATALOG_COMPILER_APPICON_NAME = AppIcon;
				ASSETCATALOG_COMPILER_GLOBAL_ACCENT_COLOR_NAME = AccentColor;
				CODE_SIGN_STYLE = Automatic;
				CURRENT_PROJECT_VERSION = 1;
				DEVELOPMENT_ASSET_PATHS = "\"ChaseWeather/Preview Content\"";
				DEVELOPMENT_TEAM = PUDRSUVCV4;
				ENABLE_PREVIEWS = YES;
				GENERATE_INFOPLIST_FILE = YES;
				INFOPLIST_FILE = ChaseWeather/Info.plist;
				INFOPLIST_KEY_LSApplicationCategoryType = "";
				INFOPLIST_KEY_NSLocationWhenInUseUsageDescription = "Location is needed to provide local weather.";
				INFOPLIST_KEY_UIApplicationSceneManifest_Generation = YES;
				INFOPLIST_KEY_UIApplicationSupportsIndirectInputEvents = YES;
				INFOPLIST_KEY_UILaunchScreen_Generation = YES;
				INFOPLIST_KEY_UISupportedInterfaceOrientations_iPad = "UIInterfaceOrientationPortrait UIInterfaceOrientationPortraitUpsideDown UIInterfaceOrientationLandscapeLeft UIInterfaceOrientationLandscapeRight";
				INFOPLIST_KEY_UISupportedInterfaceOrientations_iPhone = "UIInterfaceOrientationPortrait UIInterfaceOrientationLandscapeLeft UIInterfaceOrientationLandscapeRight";
				LD_RUNPATH_SEARCH_PATHS = (
					"$(inherited)",
					"@executable_path/Frameworks",
				);
				MARKETING_VERSION = 1.0;
				PRODUCT_BUNDLE_IDENTIFIER = ollify.com.ChaseWeather;
				PRODUCT_NAME = "$(TARGET_NAME)";
				SWIFT_EMIT_LOC_STRINGS = YES;
				SWIFT_VERSION = 5.0;
				TARGETED_DEVICE_FAMILY = "1,2";
			};
			name = Release;
		};
		E087FE152CB5766D0058CBC1 /* Debug */ = {
			isa = XCBuildConfiguration;
			buildSettings = {
				BUNDLE_LOADER = "$(TEST_HOST)";
				CODE_SIGN_STYLE = Automatic;
				CURRENT_PROJECT_VERSION = 1;
				DEVELOPMENT_TEAM = PUDRSUVCV4;
				GENERATE_INFOPLIST_FILE = YES;
				IPHONEOS_DEPLOYMENT_TARGET = 18.0;
				MARKETING_VERSION = 1.0;
				PRODUCT_BUNDLE_IDENTIFIER = ollify.com.ChaseWeatherTests;
				PRODUCT_NAME = "$(TARGET_NAME)";
				SWIFT_EMIT_LOC_STRINGS = NO;
				SWIFT_VERSION = 5.0;
				TARGETED_DEVICE_FAMILY = "1,2";
				TEST_HOST = "$(BUILT_PRODUCTS_DIR)/ChaseWeather.app/$(BUNDLE_EXECUTABLE_FOLDER_PATH)/ChaseWeather";
			};
			name = Debug;
		};
		E087FE162CB5766D0058CBC1 /* Release */ = {
			isa = XCBuildConfiguration;
			buildSettings = {
				BUNDLE_LOADER = "$(TEST_HOST)";
				CODE_SIGN_STYLE = Automatic;
				CURRENT_PROJECT_VERSION = 1;
				DEVELOPMENT_TEAM = PUDRSUVCV4;
				GENERATE_INFOPLIST_FILE = YES;
				IPHONEOS_DEPLOYMENT_TARGET = 18.0;
				MARKETING_VERSION = 1.0;
				PRODUCT_BUNDLE_IDENTIFIER = ollify.com.ChaseWeatherTests;
				PRODUCT_NAME = "$(TARGET_NAME)";
				SWIFT_EMIT_LOC_STRINGS = NO;
				SWIFT_VERSION = 5.0;
				TARGETED_DEVICE_FAMILY = "1,2";
				TEST_HOST = "$(BUILT_PRODUCTS_DIR)/ChaseWeather.app/$(BUNDLE_EXECUTABLE_FOLDER_PATH)/ChaseWeather";
			};
			name = Release;
		};
		E087FE182CB5766D0058CBC1 /* Debug */ = {
			isa = XCBuildConfiguration;
			buildSettings = {
				CODE_SIGN_STYLE = Automatic;
				CURRENT_PROJECT_VERSION = 1;
				DEVELOPMENT_TEAM = PUDRSUVCV4;
				GENERATE_INFOPLIST_FILE = YES;
				MARKETING_VERSION = 1.0;
				PRODUCT_BUNDLE_IDENTIFIER = ollify.com.ChaseWeatherUITests;
				PRODUCT_NAME = "$(TARGET_NAME)";
				SWIFT_EMIT_LOC_STRINGS = NO;
				SWIFT_VERSION = 5.0;
				TARGETED_DEVICE_FAMILY = "1,2";
				TEST_TARGET_NAME = ChaseWeather;
			};
			name = Debug;
		};
		E087FE192CB5766D0058CBC1 /* Release */ = {
			isa = XCBuildConfiguration;
			buildSettings = {
				CODE_SIGN_STYLE = Automatic;
				CURRENT_PROJECT_VERSION = 1;
				DEVELOPMENT_TEAM = PUDRSUVCV4;
				GENERATE_INFOPLIST_FILE = YES;
				MARKETING_VERSION = 1.0;
				PRODUCT_BUNDLE_IDENTIFIER = ollify.com.ChaseWeatherUITests;
				PRODUCT_NAME = "$(TARGET_NAME)";
				SWIFT_EMIT_LOC_STRINGS = NO;
				SWIFT_VERSION = 5.0;
				TARGETED_DEVICE_FAMILY = "1,2";
				TEST_TARGET_NAME = ChaseWeather;
			};
			name = Release;
		};
/* End XCBuildConfiguration section */

/* Begin XCConfigurationList section */
		E087FDE82CB5766A0058CBC1 /* Build configuration list for PBXProject "ChaseWeather" */ = {
			isa = XCConfigurationList;
			buildConfigurations = (
				E087FE0F2CB5766D0058CBC1 /* Debug */,
				E087FE102CB5766D0058CBC1 /* Release */,
			);
			defaultConfigurationIsVisible = 0;
			defaultConfigurationName = Release;
		};
		E087FE112CB5766D0058CBC1 /* Build configuration list for PBXNativeTarget "ChaseWeather" */ = {
			isa = XCConfigurationList;
			buildConfigurations = (
				E087FE122CB5766D0058CBC1 /* Debug */,
				E087FE132CB5766D0058CBC1 /* Release */,
			);
			defaultConfigurationIsVisible = 0;
			defaultConfigurationName = Release;
		};
		E087FE142CB5766D0058CBC1 /* Build configuration list for PBXNativeTarget "ChaseWeatherTests" */ = {
			isa = XCConfigurationList;
			buildConfigurations = (
				E087FE152CB5766D0058CBC1 /* Debug */,
				E087FE162CB5766D0058CBC1 /* Release */,
			);
			defaultConfigurationIsVisible = 0;
			defaultConfigurationName = Release;
		};
		E087FE172CB5766D0058CBC1 /* Build configuration list for PBXNativeTarget "ChaseWeatherUITests" */ = {
			isa = XCConfigurationList;
			buildConfigurations = (
				E087FE182CB5766D0058CBC1 /* Debug */,
				E087FE192CB5766D0058CBC1 /* Release */,
			);
			defaultConfigurationIsVisible = 0;
			defaultConfigurationName = Release;
		};
/* End XCConfigurationList section */
	};
	rootObject = E087FDE52CB5766A0058CBC1 /* Project object */;
}
